<?xml version="1.0" encoding="utf-8"?>
<Project ToolsVersion="4.0" xmlns="http://schemas.microsoft.com/developer/msbuild/2003">
  <ItemGroup>
    <Filter Include="GraphicsEngine">
      <UniqueIdentifier>{AC8E76BE-985C-6AC4-81F0-DAEA6D5D4629}</UniqueIdentifier>
    </Filter>
    <Filter Include="GraphicsEngine\Events">
      <UniqueIdentifier>{10817B29-7CED-3624-45E1-CE81B10C598C}</UniqueIdentifier>
    </Filter>
  </ItemGroup>
  <ItemGroup>
    <ClInclude Include="src\GraphicsEngine.h" />
    <ClInclude Include="src\GraphicsEngine\Application.h">
      <Filter>GraphicsEngine</Filter>
    </ClInclude>
    <ClInclude Include="src\GraphicsEngine\Core.h">
      <Filter>GraphicsEngine</Filter>
    </ClInclude>
    <ClInclude Include="src\GraphicsEngine\EntryPoint.h">
      <Filter>GraphicsEngine</Filter>
    </ClInclude>
    <ClInclude Include="src\GraphicsEngine\Events\ApplicationEvent.h">
      <Filter>GraphicsEngine\Events</Filter>
    </ClInclude>
    <ClInclude Include="src\GraphicsEngine\Events\Event.h">
      <Filter>GraphicsEngine\Events</Filter>
    </ClInclude>
    <ClInclude Include="src\GraphicsEngine\Events\KeyEvent.h">
      <Filter>GraphicsEngine\Events</Filter>
    </ClInclude>
    <ClInclude Include="src\GraphicsEngine\Events\MouseEvent.h">
      <Filter>GraphicsEngine\Events</Filter>
    </ClInclude>
    <ClInclude Include="src\GraphicsEngine\Log.h">
      <Filter>GraphicsEngine</Filter>
    </ClInclude>
    <ClInclude Include="src\gepch.h" />
    <ClInclude Include="src\GraphicsEngine\Window.h" />
    <ClInclude Include="src\Platform\Windows\WindowsWindow.h" />
  </ItemGroup>
  <ItemGroup>
    <ClCompile Include="src\GraphicsEngine\Application.cpp">
      <Filter>GraphicsEngine</Filter>
    </ClCompile>
    <ClCompile Include="src\GraphicsEngine\Log.cpp">
      <Filter>GraphicsEngine</Filter>
    </ClCompile>
    <ClCompile Include="src\gepch.cpp" />
    <ClCompile Include="src\Platform\Windows\WindowsWindow.cpp" />
  </ItemGroup>
</Project>